
Microsoft Visual Studio Solution File, Format Version 12.00
# Visual Studio Version 17
VisualStudioVersion = 17.7.34202.233
MinimumVisualStudioVersion = 10.0.40219.1
Project("{FAE04EC0-301F-11D3-BF4B-00C04F79EFBC}") = "001", "001.csproj", "{B0934AE2-AB58-4237-A638-E49F4A0969D3}"
EndProject
Global
	GlobalSection(SolutionConfigurationPlatforms) = preSolution
		Debug|Any CPU = Debug|Any CPU
		Release|Any CPU = Release|Any CPU
	EndGlobalSection
	GlobalSection(ProjectConfigurationPlatforms) = postSolution
		{B0934AE2-AB58-4237-A638-E49F4A0969D3}.Debug|Any CPU.ActiveCfg = Debug|Any CPU
		{B0934AE2-AB58-4237-A638-E49F4A0969D3}.Debug|Any CPU.Build.0 = Debug|Any CPU
		{B0934AE2-AB58-4237-A638-E49F4A0969D3}.Release|Any CPU.ActiveCfg = Release|Any CPU
		{B0934AE2-AB58-4237-A638-E49F4A0969D3}.Release|Any CPU.Build.0 = Release|Any CPU
	EndGlobalSection
	GlobalSection(SolutionProperties) = preSolution
		HideSolutionNode = FALSE
	EndGlobalSection
	GlobalSection(ExtensibilityGlobals) = postSolution
		SolutionGuid = {FCF2C7FA-63C7-4F9B-9B11-30DF4C5698A4}
	EndGlobalSection
EndGlobal
